
Microsoft Visual Studio Solution File, Format Version 12.00
# Visual Studio 15
VisualStudioVersion = 15.0.28307.960
MinimumVisualStudioVersion = 10.0.40219.1
Project("{8BC9CEB8-8B4A-11D0-8D11-00A0C91BC942}") = "Helloworld", "Helloworld\Helloworld.vcxproj", "{A1D4F23F-D9A2-43FE-A434-C7A4B7884EB1}"
EndProject
Global
	GlobalSection(SolutionConfigurationPlatforms) = preSolution
		Debug|x64 = Debug|x64
		Debug|x86 = Debug|x86
		Release|x64 = Release|x64
		Release|x86 = Release|x86
	EndGlobalSection
	GlobalSection(ProjectConfigurationPlatforms) = postSolution
		{A1D4F23F-D9A2-43FE-A434-C7A4B7884EB1}.Debug|x64.ActiveCfg = Debug|x64
		{A1D4F23F-D9A2-43FE-A434-C7A4B7884EB1}.Debug|x64.Build.0 = Debug|x64
		{A1D4F23F-D9A2-43FE-A434-C7A4B7884EB1}.Debug|x86.ActiveCfg = Debug|Win32
		{A1D4F23F-D9A2-43FE-A434-C7A4B7884EB1}.Debug|x86.Build.0 = Debug|Win32
		{A1D4F23F-D9A2-43FE-A434-C7A4B7884EB1}.Release|x64.ActiveCfg = Release|x64
		{A1D4F23F-D9A2-43FE-A434-C7A4B7884EB1}.Release|x64.Build.0 = Release|x64
		{A1D4F23F-D9A2-43FE-A434-C7A4B7884EB1}.Release|x86.ActiveCfg = Release|Win32
		{A1D4F23F-D9A2-43FE-A434-C7A4B7884EB1}.Release|x86.Build.0 = Release|Win32
	EndGlobalSection
	GlobalSection(SolutionProperties) = preSolution
		HideSolutionNode = FALSE
	EndGlobalSection
	GlobalSection(ExtensibilityGlobals) = postSolution
		SolutionGuid = {4F77CF75-9F45-4559-A75F-DBEAAD1A1E53}
	EndGlobalSection
EndGlobal
